Microsoft Visual Studio Solution File, Format Version 12.00
# Visual Studio Version 17
VisualStudioVersion = 17.5.2.0
MinimumVisualStudioVersion = 10.0.40219.1
Project("{FAE04EC0-301F-11D3-BF4B-00C04F79EFBC}") = "Actividad_3", "Actividad_3\Actividad_3.csproj", "{0834E414-F415-0DA3-0483-145684E25D56}"
EndProject
Global
	GlobalSection(SolutionConfigurationPlatforms) = preSolution
		Debug|Any CPU = Debug|Any CPU
		Release|Any CPU = Release|Any CPU
	EndGlobalSection
	GlobalSection(ProjectConfigurationPlatforms) = postSolution
		{0834E414-F415-0DA3-0483-145684E25D56}.Debug|Any CPU.ActiveCfg = Debug|Any CPU
		{0834E414-F415-0DA3-0483-145684E25D56}.Debug|Any CPU.Build.0 = Debug|Any CPU
		{0834E414-F415-0DA3-0483-145684E25D56}.Release|Any CPU.ActiveCfg = Release|Any CPU
		{0834E414-F415-0DA3-0483-145684E25D56}.Release|Any CPU.Build.0 = Release|Any CPU
	EndGlobalSection
	GlobalSection(SolutionProperties) = preSolution
		HideSolutionNode = FALSE
	EndGlobalSection
	GlobalSection(ExtensibilityGlobals) = postSolution
		SolutionGuid = {972B447A-8ECD-4AFA-B0D7-81C7C0E49B66}
	EndGlobalSection
EndGlobal
